
Microsoft Visual Studio Solution File, Format Version 12.00
# Visual Studio Version 17
VisualStudioVersion = 17.9.34622.214
MinimumVisualStudioVersion = 10.0.40219.1
Project("{FAE04EC0-301F-11D3-BF4B-00C04F79EFBC}") = "NechanickyWorks.Server", "NechanickyWorks.Server\NechanickyWorks.Server.csproj", "{8C0D00BB-93A7-45E6-A3A9-14D0DC32D3C4}"
EndProject
Project("{54A90642-561A-4BB1-A94E-469ADEE60C69}") = "nechanickyworks.client", "nechanickyworks.client\nechanickyworks.client.esproj", "{4F7EB660-8082-4712-AA7B-F46596588A90}"
EndProject
Global
	GlobalSection(SolutionConfigurationPlatforms) = preSolution
		Debug|Any CPU = Debug|Any CPU
		Release|Any CPU = Release|Any CPU
	EndGlobalSection
	GlobalSection(ProjectConfigurationPlatforms) = postSolution
		{8C0D00BB-93A7-45E6-A3A9-14D0DC32D3C4}.Debug|Any CPU.ActiveCfg = Debug|Any CPU
		{8C0D00BB-93A7-45E6-A3A9-14D0DC32D3C4}.Debug|Any CPU.Build.0 = Debug|Any CPU
		{8C0D00BB-93A7-45E6-A3A9-14D0DC32D3C4}.Release|Any CPU.ActiveCfg = Release|Any CPU
		{8C0D00BB-93A7-45E6-A3A9-14D0DC32D3C4}.Release|Any CPU.Build.0 = Release|Any CPU
		{4F7EB660-8082-4712-AA7B-F46596588A90}.Debug|Any CPU.ActiveCfg = Debug|Any CPU
		{4F7EB660-8082-4712-AA7B-F46596588A90}.Debug|Any CPU.Build.0 = Debug|Any CPU
		{4F7EB660-8082-4712-AA7B-F46596588A90}.Debug|Any CPU.Deploy.0 = Debug|Any CPU
		{4F7EB660-8082-4712-AA7B-F46596588A90}.Release|Any CPU.ActiveCfg = Release|Any CPU
		{4F7EB660-8082-4712-AA7B-F46596588A90}.Release|Any CPU.Build.0 = Release|Any CPU
		{4F7EB660-8082-4712-AA7B-F46596588A90}.Release|Any CPU.Deploy.0 = Release|Any CPU
	EndGlobalSection
	GlobalSection(SolutionProperties) = preSolution
		HideSolutionNode = FALSE
	EndGlobalSection
	GlobalSection(ExtensibilityGlobals) = postSolution
		SolutionGuid = {ABCCB1C3-52A6-4370-8C7E-40175AFAFA32}
	EndGlobalSection
EndGlobal
